
Microsoft Visual Studio Solution File, Format Version 12.00
# Visual Studio 15
VisualStudioVersion = 15.0.26730.3
MinimumVisualStudioVersion = 10.0.40219.1
Project("{FAE04EC0-301F-11D3-BF4B-00C04F79EFBC}") = "SubmarineGame", "SubmarineGame\SubmarineGame.csproj", "{1259A5AE-832A-47E0-BF68-29A0522105E3}"
EndProject
Global
	GlobalSection(SolutionConfigurationPlatforms) = preSolution
		Debug|x86 = Debug|x86
		Release|x86 = Release|x86
	EndGlobalSection
	GlobalSection(ProjectConfigurationPlatforms) = postSolution
		{1259A5AE-832A-47E0-BF68-29A0522105E3}.Debug|x86.ActiveCfg = Debug|x86
		{1259A5AE-832A-47E0-BF68-29A0522105E3}.Debug|x86.Build.0 = Debug|x86
		{1259A5AE-832A-47E0-BF68-29A0522105E3}.Release|x86.ActiveCfg = Release|x86
		{1259A5AE-832A-47E0-BF68-29A0522105E3}.Release|x86.Build.0 = Release|x86
	EndGlobalSection
	GlobalSection(SolutionProperties) = preSolution
		HideSolutionNode = FALSE
	EndGlobalSection
	GlobalSection(ExtensibilityGlobals) = postSolution
		SolutionGuid = {6F027EAC-8622-402F-8606-1865D1ADFC5F}
	EndGlobalSection
EndGlobal
